
Microsoft Visual Studio Solution File, Format Version 12.00
# Visual Studio Version 17
VisualStudioVersion = 17.14.37203.1 d17.14
MinimumVisualStudioVersion = 10.0.40219.1
Project("{FAE04EC0-301F-11D3-BF4B-00C04F79EFBC}") = "LIST_Practice", "LIST_Practice\LIST_Practice.csproj", "{25FFC2EC-27E2-4B54-9DE4-D69070A19A8A}"
EndProject
Global
	GlobalSection(SolutionConfigurationPlatforms) = preSolution
		Debug|Any CPU = Debug|Any CPU
		Release|Any CPU = Release|Any CPU
	EndGlobalSection
	GlobalSection(ProjectConfigurationPlatforms) = postSolution
		{25FFC2EC-27E2-4B54-9DE4-D69070A19A8A}.Debug|Any CPU.ActiveCfg = Debug|Any CPU
		{25FFC2EC-27E2-4B54-9DE4-D69070A19A8A}.Debug|Any CPU.Build.0 = Debug|Any CPU
		{25FFC2EC-27E2-4B54-9DE4-D69070A19A8A}.Release|Any CPU.ActiveCfg = Release|Any CPU
		{25FFC2EC-27E2-4B54-9DE4-D69070A19A8A}.Release|Any CPU.Build.0 = Release|Any CPU
	EndGlobalSection
	GlobalSection(SolutionProperties) = preSolution
		HideSolutionNode = FALSE
	EndGlobalSection
	GlobalSection(ExtensibilityGlobals) = postSolution
		SolutionGuid = {C466E488-D4B1-4D33-BB45-0B9AA7806481}
	EndGlobalSection
EndGlobal
