
Microsoft Visual Studio Solution File, Format Version 12.00
# Visual Studio Version 17
VisualStudioVersion = 17.14.36518.9 d17.14
MinimumVisualStudioVersion = 10.0.40219.1
Project("{FAE04EC0-301F-11D3-BF4B-00C04F79EFBC}") = "number_guess", "number_guess\number_guess.csproj", "{12DE32F0-1430-4E8F-9A70-AF76DA99E265}"
EndProject
Global
	GlobalSection(SolutionConfigurationPlatforms) = preSolution
		Debug|Any CPU = Debug|Any CPU
		Release|Any CPU = Release|Any CPU
	EndGlobalSection
	GlobalSection(ProjectConfigurationPlatforms) = postSolution
		{12DE32F0-1430-4E8F-9A70-AF76DA99E265}.Debug|Any CPU.ActiveCfg = Debug|Any CPU
		{12DE32F0-1430-4E8F-9A70-AF76DA99E265}.Debug|Any CPU.Build.0 = Debug|Any CPU
		{12DE32F0-1430-4E8F-9A70-AF76DA99E265}.Release|Any CPU.ActiveCfg = Release|Any CPU
		{12DE32F0-1430-4E8F-9A70-AF76DA99E265}.Release|Any CPU.Build.0 = Release|Any CPU
	EndGlobalSection
	GlobalSection(SolutionProperties) = preSolution
		HideSolutionNode = FALSE
	EndGlobalSection
	GlobalSection(ExtensibilityGlobals) = postSolution
		SolutionGuid = {718762EB-CEC3-40F9-B4DA-E2739A5CA301}
	EndGlobalSection
EndGlobal
